
Microsoft Visual Studio Solution File, Format Version 12.00
Project("{FAE04EC0-301F-11D3-BF4B-00C04F79EFBC}") = "WebSistemaVentas", "WebSistemaVentas\WebSistemaVentas.csproj", "{94E619A9-BC0C-4F50-9F77-D81F7DEC860C}"
EndProject
Global
	GlobalSection(SolutionConfigurationPlatforms) = preSolution
		Debug|Any CPU = Debug|Any CPU
		Release|Any CPU = Release|Any CPU
	EndGlobalSection
	GlobalSection(ProjectConfigurationPlatforms) = postSolution
		{94E619A9-BC0C-4F50-9F77-D81F7DEC860C}.Debug|Any CPU.ActiveCfg = Debug|Any CPU
		{94E619A9-BC0C-4F50-9F77-D81F7DEC860C}.Debug|Any CPU.Build.0 = Debug|Any CPU
		{94E619A9-BC0C-4F50-9F77-D81F7DEC860C}.Release|Any CPU.ActiveCfg = Release|Any CPU
		{94E619A9-BC0C-4F50-9F77-D81F7DEC860C}.Release|Any CPU.Build.0 = Release|Any CPU
	EndGlobalSection
EndGlobal
